{
  "lockfileVersion": 1,
  "dependencies": {
    "clipper-js": {
      "version": "1.0.2",
      "resolved": "https://registry.npmjs.org/clipper-js/-/clipper-js-1.0.2.tgz",
      "integrity": "sha1-5EiR3eZULMfQvMbvloTUWQVxSJM="
    },
    "clipper-lib": {
      "version": "6.2.1",
      "resolved": "https://registry.npmjs.org/clipper-lib/-/clipper-lib-6.2.1.tgz",
      "integrity": "sha1-Jm2Ox1dcWJ8F8j6c0APeUOIxF7Y="
    }
  }
}
